// !$*UTF8*$!
{
	archiveVersion = 1;
	classes = {
	};
	objectVersion = 46;
	objects = {

/* Begin PBXBuildFile section */
		76FFEA231AE966CC0044F7E9 /* AppDelegate.swift in Sources */ = {isa = PBXBuildFile; fileRef = 76FFEA221AE966CC0044F7E9 /* AppDelegate.swift */; };
		76FFEA251AE966CC0044F7E9 /* ViewController.swift in Sources */ = {isa = PBXBuildFile; fileRef = 76FFEA241AE966CC0044F7E9 /* ViewController.swift */; };
		76FFEA281AE966CC0044F7E9 /* Main.storyboard in Resources */ = {isa = PBXBuildFile; fileRef = 76FFEA261AE966CC0044F7E9 /* Main.storyboard */; };
		76FFEA2A1AE966CC0044F7E9 /* Images.xcassets in Resources */ = {isa = PBXBuildFile; fileRef = 76FFEA291AE966CC0044F7E9 /* Images.xcassets */; };
		76FFEA2D1AE966CC0044F7E9 /* LaunchScreen.xib in Resources */ = {isa = PBXBuildFile; fileRef = 76FFEA2B1AE966CC0044F7E9 /* LaunchScreen.xib */; };
		76FFEA391AE966CC0044F7E9 /* FirstAppTests.swift in Sources */ = {isa = PBXBuildFile; fileRef = 76FFEA381AE966CC0044F7E9 /* FirstAppTests.swift */; };
/* End PBXBuildFile section */

/* Begin PBXContainerItemProxy section */
		76FFEA331AE966CC0044F7E9 /* PBXContainerItemProxy */ = {
			isa = PBXContainerItemProxy;
			containerPortal = 76FFEA151AE966CC0044F7E9 /* Project object */;
			proxyType = 1;
			remoteGlobalIDString = 76FFEA1C1AE966CC0044F7E9;
			remoteInfo = FirstApp;
		};
/* End PBXContainerItemProxy section */

/* Begin PBXFileReference section */
		76FFEA1D1AE966CC0044F7E9 /* FirstApp.app */ = {isa = PBXFileReference; explicitFileType = wrapper.application; includeInIndex = 0; path = FirstApp.app; sourceTree = BUILT_PRODUCTS_DIR; };
		76FFEA211AE966CC0044F7E9 /* Info.plist */ = {isa = PBXFileReference; lastKnownFileType = text.plist.xml; path = Info.plist; sourceTree = "<group>"; };
		76FFEA221AE966CC0044F7E9 /* AppDelegate.swift */ = {isa = PBXFileReference; lastKnownFileType = sourcecode.swift; path = AppDelegate.swift; sourceTree = "<group>"; };
		76FFEA241AE966CC0044F7E9 /* ViewController.swift */ = {isa = PBXFileReference; lastKnownFileType = sourcecode.swift; path = ViewController.swift; sourceTree = "<group>"; };
		76FFEA271AE966CC0044F7E9 /* Base */ = {isa = PBXFileReference; lastKnownFileType = file.storyboard; name = Base; path = Base.lproj/Main.storyboard; sourceTree = "<group>"; };
		76FFEA291AE966CC0044F7E9 /* Images.xcassets */ = {isa = PBXFileReference; lastKnownFileType = folder.assetcatalog; path = Images.xcassets; sourceTree = "<group>"; };
		76FFEA2C1AE966CC0044F7E9 /* Base */ = {isa = PBXFileReference; lastKnownFileType = file.xib; name = Base; path = Base.lproj/LaunchScreen.xib; sourceTree = "<group>"; };
		76FFEA321AE966CC0044F7E9 /* FirstAppTests.xctest */ = {isa = PBXFileReference; explicitFileType = wrapper.cfbundle; includeInIndex = 0; path = FirstAppTests.xctest; sourceTree = BUILT_PRODUCTS_DIR; };
		76FFEA371AE966CC0044F7E9 /* Info.plist */ = {isa = PBXFileReference; lastKnownFileType = text.plist.xml; path = Info.plist; sourceTree = "<group>"; };
		76FFEA381AE966CC0044F7E9 /* FirstAppTests.swift */ = {isa = PBXFileReference; lastKnownFileType = sourcecode.swift; path = FirstAppTests.swift; sourceTree = "<group>"; };
/* End PBXFileReference section */

/* Begin PBXFrameworksBuildPhase section */
		76FFEA1A1AE966CC0044F7E9 /* Frameworks */ = {
			isa = PBXFrameworksBuildPhase;
			buildActionMask = 2147483647;
			files = (
			);
			runOnlyForDeploymentPostprocessing = 0;
		};
		76FFEA2F1AE966CC0044F7E9 /* Frameworks */ = {
			isa = PBXFrameworksBuildPhase;
			buildActionMask = 2147483647;
			files = (
			);
			runOnlyForDeploymentPostprocessing = 0;
		};
/* End PBXFrameworksBuildPhase section */

/* Begin PBXGroup section */
		76FFEA141AE966CC0044F7E9 = {
			isa = PBXGroup;
			children = (
				76FFEA1F1AE966CC0044F7E9 /* FirstApp */,
				76FFEA351AE966CC0044F7E9 /* FirstAppTests */,
				76FFEA1E1AE966CC0044F7E9 /* Products */,
			);
			sourceTree = "<group>";
		};
		76FFEA1E1AE966CC0044F7E9 /* Products */ = {
			isa = PBXGroup;
			children = (
				76FFEA1D1AE966CC0044F7E9 /* FirstApp.app */,
				76FFEA321AE966CC0044F7E9 /* FirstAppTests.xctest */,
			);
			name = Products;
			sourceTree = "<group>";
		};
		76FFEA1F1AE966CC0044F7E9 /* FirstApp */ = {
			isa = PBXGroup;
			children = (
				76FFEA221AE966CC0044F7E9 /* AppDelegate.swift */,
				76FFEA241AE966CC0044F7E9 /* ViewController.swift */,
				76FFEA261AE966CC0044F7E9 /* Main.storyboard */,
				76FFEA291AE966CC0044F7E9 /* Images.xcassets */,
				76FFEA2B1AE966CC0044F7E9 /* LaunchScreen.xib */,
				76FFEA201AE966CC0044F7E9 /* Supporting Files */,
			);
			path = FirstApp;
			sourceTree = "<group>";
		};
		76FFEA201AE966CC0044F7E9 /* Supporting Files */ = {
			isa = PBXGroup;
			children = (
				76FFEA211AE966CC0044F7E9 /* Info.plist */,
			);
			name = "Supporting Files";
			sourceTree = "<group>";
		};
		76FFEA351AE966CC0044F7E9 /* FirstAppTests */ = {
			isa = PBXGroup;
			children = (
				76FFEA381AE966CC0044F7E9 /* FirstAppTests.swift */,
				76FFEA361AE966CC0044F7E9 /* Supporting Files */,
			);
			path = FirstAppTests;
			sourceTree = "<group>";
		};
		76FFEA361AE966CC0044F7E9 /* Supporting Files */ = {
			isa = PBXGroup;
			children = (
				76FFEA371AE966CC0044F7E9 /* Info.plist */,
			);
			name = "Supporting Files";
			sourceTree = "<group>";
		};
/* End PBXGroup section */

/* Begin PBXNativeTarget section */
		76FFEA1C1AE966CC0044F7E9 /* FirstApp */ = {
			isa = PBXNativeTarget;
			buildConfigurationList = 76FFEA3C1AE966CC0044F7E9 /* Build configuration list for PBXNativeTarget "FirstApp" */;
			buildPhases = (
				76FFEA191AE966CC0044F7E9 /* Sources */,
				76FFEA1A1AE966CC0044F7E9 /* Frameworks */,
				76FFEA1B1AE966CC0044F7E9 /* Resources */,
			);
			buildRules = (
			);
			dependencies = (
			);
			name = FirstApp;
			productName = FirstApp;
			productReference = 76FFEA1D1AE966CC0044F7E9 /* FirstApp.app */;
			productType = "com.apple.product-type.application";
		};
		76FFEA311AE966CC0044F7E9 /* FirstAppTests */ = {
			isa = PBXNativeTarget;
			buildConfigurationList = 76FFEA3F1AE966CC0044F7E9 /* Build configuration list for PBXNativeTarget "FirstAppTests" */;
			buildPhases = (
				76FFEA2E1AE966CC0044F7E9 /* Sources */,
				76FFEA2F1AE966CC0044F7E9 /* Frameworks */,
				76FFEA301AE966CC0044F7E9 /* Resources */,
			);
			buildRules = (
			);
			dependencies = (
				76FFEA341AE966CC0044F7E9 /* PBXTargetDependency */,
			);
			name = FirstAppTests;
			productName = FirstAppTests;
			productReference = 76FFEA321AE966CC0044F7E9 /* FirstAppTests.xctest */;
			productType = "com.apple.product-type.bundle.unit-test";
		};
/* End PBXNativeTarget section */

/* Begin PBXProject section */
		76FFEA151AE966CC0044F7E9 /* Project object */ = {
			isa = PBXProject;
			attributes = {
				LastUpgradeCheck = 0630;
				ORGANIZATIONNAME = "yui-works";
				TargetAttributes = {
					76FFEA1C1AE966CC0044F7E9 = {
						CreatedOnToolsVersion = 6.3.1;
					};
					76FFEA311AE966CC0044F7E9 = {
						CreatedOnToolsVersion = 6.3.1;
						TestTargetID = 76FFEA1C1AE966CC0044F7E9;
					};
				};
			};
			buildConfigurationList = 76FFEA181AE966CC0044F7E9 /* Build configuration list for PBXProject "FirstApp" */;
			compatibilityVersion = "Xcode 3.2";
			developmentRegion = English;
			hasScannedForEncodings = 0;
			knownRegions = (
				en,
				Base,
			);
			mainGroup = 76FFEA141AE966CC0044F7E9;
			productRefGroup = 76FFEA1E1AE966CC0044F7E9 /* Products */;
			projectDirPath = "";
			projectRoot = "";
			targets = (
				76FFEA1C1AE966CC0044F7E9 /* FirstApp */,
				76FFEA311AE966CC0044F7E9 /* FirstAppTests */,
			);
		};
/* End PBXProject section */

/* Begin PBXResourcesBuildPhase section */
		76FFEA1B1AE966CC0044F7E9 /* Resources */ = {
			isa = PBXResourcesBuildPhase;
			buildActionMask = 2147483647;
			files = (
				76FFEA281AE966CC0044F7E9 /* Main.storyboard in Resources */,
				76FFEA2D1AE966CC0044F7E9 /* LaunchScreen.xib in Resources */,
				76FFEA2A1AE966CC0044F7E9 /* Images.xcassets in Resources */,
			);
			runOnlyForDeploymentPostprocessing = 0;
		};
		76FFEA301AE966CC0044F7E9 /* Resources */ = {
			isa = PBXResourcesBuildPhase;
			buildActionMask = 2147483647;
			files = (
			);
			runOnlyForDeploymentPostprocessing = 0;
		};
/* End PBXResourcesBuildPhase section */

/* Begin PBXSourcesBuildPhase section */
		76FFEA191AE966CC0044F7E9 /* Sources */ = {
			isa = PBXSourcesBuildPhase;
			buildActionMask = 2147483647;
			files = (
				76FFEA251AE966CC0044F7E9 /* ViewController.swift in Sources */,
				76FFEA231AE966CC0044F7E9 /* AppDelegate.swift in Sources */,
			);
			runOnlyForDeploymentPostprocessing = 0;
		};
		76FFEA2E1AE966CC0044F7E9 /* Sources */ = {
			isa = PBXSourcesBuildPhase;
			buildActionMask = 2147483647;
			files = (
				76FFEA391AE966CC0044F7E9 /* FirstAppTests.swift in Sources */,
			);
			runOnlyForDeploymentPostprocessing = 0;
		};
/* End PBXSourcesBuildPhase section */

/* Begin PBXTargetDependency section */
		76FFEA341AE966CC0044F7E9 /* PBXTargetDependency */ = {
			isa = PBXTargetDependency;
			target = 76FFEA1C1AE966CC0044F7E9 /* FirstApp */;
			targetProxy = 76FFEA331AE966CC0044F7E9 /* PBXContainerItemProxy */;
		};
/* End PBXTargetDependency section */

/* Begin PBXVariantGroup section */
		76FFEA261AE966CC0044F7E9 /* Main.storyboard */ = {
			isa = PBXVariantGroup;
			children = (
				76FFEA271AE966CC0044F7E9 /* Base */,
			);
			name = Main.storyboard;
			sourceTree = "<group>";
		};
		76FFEA2B1AE966CC0044F7E9 /* LaunchScreen.xib */ = {
			isa = PBXVariantGroup;
			children = (
				76FFEA2C1AE966CC0044F7E9 /* Base */,
			);
			name = LaunchScreen.xib;
			sourceTree = "<group>";
		};
/* End PBXVariantGroup section */

/* Begin XCBuildConfiguration section */
		76FFEA3A1AE966CC0044F7E9 /* Debug */ = {
			isa = XCBuildConfiguration;
			buildSettings = {
				ALWAYS_SEARCH_USER_PATHS = NO;
				CLANG_CXX_LANGUAGE_STANDARD = "gnu++0x";
				CLANG_CXX_LIBRARY = "libc++";
				CLANG_ENABLE_MODULES = YES;
				CLANG_ENABLE_OBJC_ARC = YES;
				CLANG_WARN_BOOL_CONVERSION = YES;
				CLANG_WARN_CONSTANT_CONVERSION = YES;
				CLANG_WARN_DIRECT_OBJC_ISA_USAGE = YES_ERROR;
				CLANG_WARN_EMPTY_BODY = YES;
				CLANG_WARN_ENUM_CONVERSION = YES;
				CLANG_WARN_INT_CONVERSION = YES;
				CLANG_WARN_OBJC_ROOT_CLASS = YES_ERROR;
				CLANG_WARN_UNREACHABLE_CODE = YES;
				CLANG_WARN__DUPLICATE_METHOD_MATCH = YES;
				"CODE_SIGN_IDENTITY[sdk=iphoneos*]" = "iPhone Developer";
				COPY_PHASE_STRIP = NO;
				DEBUG_INFORMATION_FORMAT = "dwarf-with-dsym";
				ENABLE_STRICT_OBJC_MSGSEND = YES;
				GCC_C_LANGUAGE_STANDARD = gnu99;
				GCC_DYNAMIC_NO_PIC = NO;
				GCC_NO_COMMON_BLOCKS = YES;
				GCC_OPTIMIZATION_LEVEL = 0;
				GCC_PREPROCESSOR_DEFINITIONS = (
					"DEBUG=1",
					"$(inherited)",
				);
				GCC_SYMBOLS_PRIVATE_EXTERN = NO;
				GCC_WARN_64_TO_32_BIT_CONVERSION = YES;
				GCC_WARN_ABOUT_RETURN_TYPE = YES_ERROR;
				GCC_WARN_UNDECLARED_SELECTOR = YES;
				GCC_WARN_UNINITIALIZED_AUTOS = YES_AGGRESSIVE;
				GCC_WARN_UNUSED_FUNCTION = YES;
				GCC_WARN_UNUSED_VARIABLE = YES;
				IPHONEOS_DEPLOYMENT_TARGET = 8.3;
				MTL_ENABLE_DEBUG_INFO = YES;
				ONLY_ACTIVE_ARCH = YES;
				SDKROOT = iphoneos;
				SWIFT_OPTIMIZATION_LEVEL = "-Onone";
			};
			name = Debug;
		};
		76FFEA3B1AE966CC0044F7E9 /* Release */ = {
			isa = XCBuildConfiguration;
			buildSettings = {
				ALWAYS_SEARCH_USER_PATHS = NO;
				CLANG_CXX_LANGUAGE_STANDARD = "gnu++0x";
				CLANG_CXX_LIBRARY = "libc++";
				CLANG_ENABLE_MODULES = YES;
				CLANG_ENABLE_OBJC_ARC = YES;
				CLANG_WARN_BOOL_CONVERSION = YES;
				CLANG_WARN_CONSTANT_CONVERSION = YES;
				CLANG_WARN_DIRECT_OBJC_ISA_USAGE = YES_ERROR;
				CLANG_WARN_EMPTY_BODY = YES;
				CLANG_WARN_ENUM_CONVERSION = YES;
				CLANG_WARN_INT_CONVERSION = YES;
				CLANG_WARN_OBJC_ROOT_CLASS = YES_ERROR;
				CLANG_WARN_UNREACHABLE_CODE = YES;
				CLANG_WARN__DUPLICATE_METHOD_MATCH = YES;
				"CODE_SIGN_IDENTITY[sdk=iphoneos*]" = "iPhone Developer";
				COPY_PHASE_STRIP = NO;
				DEBUG_INFORMATION_FORMAT = "dwarf-with-dsym";
				ENABLE_NS_ASSERTIONS = NO;
				ENABLE_STRICT_OBJC_MSGSEND = YES;
				GCC_C_LANGUAGE_STANDARD = gnu99;
				GCC_NO_COMMON_BLOCKS = YES;
				GCC_WARN_64_TO_32_BIT_CONVERSION = YES;
				GCC_WARN_ABOUT_RETURN_TYPE = YES_ERROR;
				GCC_WARN_UNDECLARED_SELECTOR = YES;
				GCC_WARN_UNINITIALIZED_AUTOS = YES_AGGRESSIVE;
				GCC_WARN_UNUSED_FUNCTION = YES;
				GCC_WARN_UNUSED_VARIABLE = YES;
				IPHONEOS_DEPLOYMENT_TARGET = 8.3;
				MTL_ENABLE_DEBUG_INFO = NO;
				SDKROOT = iphoneos;
				VALIDATE_PRODUCT = YES;
			};
			name = Release;
		};
		76FFEA3D1AE966CC0044F7E9 /* Debug */ = {
			isa = XCBuildConfiguration;
			buildSettings = {
				ASSETCATALOG_COMPILER_APPICON_NAME = AppIcon;
				INFOPLIST_FILE = FirstApp/Info.plist;
				LD_RUNPATH_SEARCH_PATHS = "$(inherited) @executable_path/Frameworks";
				PRODUCT_NAME = "$(TARGET_NAME)";
			};
			name = Debug;
		};
		76FFEA3E1AE966CC0044F7E9 /* Release */ = {
			isa = XCBuildConfiguration;
			buildSettings = {
				ASSETCATALOG_COMPILER_APPICON_NAME = AppIcon;
				INFOPLIST_FILE = FirstApp/Info.plist;
				LD_RUNPATH_SEARCH_PATHS = "$(inherited) @executable_path/Frameworks";
				PRODUCT_NAME = "$(TARGET_NAME)";
			};
			name = Release;
		};
		76FFEA401AE966CC0044F7E9 /* Debug */ = {
			isa = XCBuildConfiguration;
			buildSettings = {
				BUNDLE_LOADER = "$(TEST_HOST)";
				FRAMEWORK_SEARCH_PATHS = (
					"$(SDKROOT)/Developer/Library/Frameworks",
					"$(inherited)",
				);
				GCC_PREPROCESSOR_DEFINITIONS = (
					"DEBUG=1",
					"$(inherited)",
				);
				INFOPLIST_FILE = FirstAppTests/Info.plist;
				LD_RUNPATH_SEARCH_PATHS = "$(inherited) @executable_path/Frameworks @loader_path/Frameworks";
				PRODUCT_NAME = "$(TARGET_NAME)";
				TEST_HOST = "$(BUILT_PRODUCTS_DIR)/FirstApp.app/FirstApp";
			};
			name = Debug;
		};
		76FFEA411AE966CC0044F7E9 /* Release */ = {
			isa = XCBuildConfiguration;
			buildSettings = {
				BUNDLE_LOADER = "$(TEST_HOST)";
				FRAMEWORK_SEARCH_PATHS = (
					"$(SDKROOT)/Developer/Library/Frameworks",
					"$(inherited)",
				);
				INFOPLIST_FILE = FirstAppTests/Info.plist;
				LD_RUNPATH_SEARCH_PATHS = "$(inherited) @executable_path/Frameworks @loader_path/Frameworks";
				PRODUCT_NAME = "$(TARGET_NAME)";
				TEST_HOST = "$(BUILT_PRODUCTS_DIR)/FirstApp.app/FirstApp";
			};
			name = Release;
		};
/* End XCBuildConfiguration section */

/* Begin XCConfigurationList section */
		76FFEA181AE966CC0044F7E9 /* Build configuration list for PBXProject "FirstApp" */ = {
			isa = XCConfigurationList;
			buildConfigurations = (
				76FFEA3A1AE966CC0044F7E9 /* Debug */,
				76FFEA3B1AE966CC0044F7E9 /* Release */,
			);
			defaultConfigurationIsVisible = 0;
			defaultConfigurationName = Release;
		};
		76FFEA3C1AE966CC0044F7E9 /* Build configuration list for PBXNativeTarget "FirstApp" */ = {
			isa = XCConfigurationList;
			buildConfigurations = (
				76FFEA3D1AE966CC0044F7E9 /* Debug */,
				76FFEA3E1AE966CC0044F7E9 /* Release */,
			);
			defaultConfigurationIsVisible = 0;
		};
		76FFEA3F1AE966CC0044F7E9 /* Build configuration list for PBXNativeTarget "FirstAppTests" */ = {
			isa = XCConfigurationList;
			buildConfigurations = (
				76FFEA401AE966CC0044F7E9 /* Debug */,
				76FFEA411AE966CC0044F7E9 /* Release */,
			);
			defaultConfigurationIsVisible = 0;
		};
/* End XCConfigurationList section */
	};
	rootObject = 76FFEA151AE966CC0044F7E9 /* Project object */;
}
